// !$*UTF8*$!
{
	archiveVersion = 1;
	classes = {
	};
	objectVersion = 56;
	objects = {

/* Begin PBXBuildFile section */
		4A23759D29ED4B0B00C8A52C /* SwiftUIIntroApp.swift in Sources */ = {isa = PBXBuildFile; fileRef = 4A23759C29ED4B0B00C8A52C /* SwiftUIIntroApp.swift */; };
		4A23759F29ED4B0B00C8A52C /* ContentView.swift in Sources */ = {isa = PBXBuildFile; fileRef = 4A23759E29ED4B0B00C8A52C /* ContentView.swift */; };
		4A2375A129ED4B0C00C8A52C /* Assets.xcassets in Resources */ = {isa = PBXBuildFile; fileRef = 4A2375A029ED4B0C00C8A52C /* Assets.xcassets */; };
		4A2375A429ED4B0C00C8A52C /* Preview Assets.xcassets in Resources */ = {isa = PBXBuildFile; fileRef = 4A2375A329ED4B0C00C8A52C /* Preview Assets.xcassets */; };
		4A44569F2A0BD4A900BC81B9 /* ContextMenu.swift in Sources */ = {isa = PBXBuildFile; fileRef = 4A44569E2A0BD4A900BC81B9 /* ContextMenu.swift */; };
		4A4456A72A0CD72000BC81B9 /* TextFields.swift in Sources */ = {isa = PBXBuildFile; fileRef = 4A4456A62A0CD72000BC81B9 /* TextFields.swift */; };
		4A4456A92A0CFA9900BC81B9 /* TextEditors.swift in Sources */ = {isa = PBXBuildFile; fileRef = 4A4456A82A0CFA9900BC81B9 /* TextEditors.swift */; };
		4A4456AB2A0D101600BC81B9 /* Toggles.swift in Sources */ = {isa = PBXBuildFile; fileRef = 4A4456AA2A0D101600BC81B9 /* Toggles.swift */; };
		4A475B7A29F904F0001C7ECC /* ExtractedFunctions.swift in Sources */ = {isa = PBXBuildFile; fileRef = 4A475B7929F904F0001C7ECC /* ExtractedFunctions.swift */; };
		4A475B7C29F90FDB001C7ECC /* ExtractSubViews.swift in Sources */ = {isa = PBXBuildFile; fileRef = 4A475B7B29F90FDB001C7ECC /* ExtractSubViews.swift */; };
		4A4C9B312A2A2ABC0074212D /* OnAppearOnDisappear.swift in Sources */ = {isa = PBXBuildFile; fileRef = 4A4C9B302A2A2ABC0074212D /* OnAppearOnDisappear.swift */; };
		4A4DB4F42A08E4AC00F29D3D /* PopOver.swift in Sources */ = {isa = PBXBuildFile; fileRef = 4A4DB4F32A08E4AC00F29D3D /* PopOver.swift */; };
		4A4DB4F82A09335F00F29D3D /* Navigation.swift in Sources */ = {isa = PBXBuildFile; fileRef = 4A4DB4F72A09335F00F29D3D /* Navigation.swift */; };
		4A4DB4FA2A0A31D600F29D3D /* ListEdit.swift in Sources */ = {isa = PBXBuildFile; fileRef = 4A4DB4F92A0A31D600F29D3D /* ListEdit.swift */; };
		4A4DB4FE2A0B83DE00F29D3D /* Alerts.swift in Sources */ = {isa = PBXBuildFile; fileRef = 4A4DB4FD2A0B83DE00F29D3D /* Alerts.swift */; };
		4A6BD2DA2A136CD000342D5C /* ColorPickers.swift in Sources */ = {isa = PBXBuildFile; fileRef = 4A6BD2D92A136CD000342D5C /* ColorPickers.swift */; };
		4A6BD2DC2A13BEEB00342D5C /* ActionSheets.swift in Sources */ = {isa = PBXBuildFile; fileRef = 4A6BD2DB2A13BEEB00342D5C /* ActionSheets.swift */; };
		4A6BD2DE2A16151F00342D5C /* DatePickers.swift in Sources */ = {isa = PBXBuildFile; fileRef = 4A6BD2DD2A16151F00342D5C /* DatePickers.swift */; };
		4A7DE5DD29F95F4900C0ABF8 /* BindingView.swift in Sources */ = {isa = PBXBuildFile; fileRef = 4A7DE5DC29F95F4900C0ABF8 /* BindingView.swift */; };
		4AA59CAC2A12217600C73AEE /* Pickers.swift in Sources */ = {isa = PBXBuildFile; fileRef = 4AA59CAB2A12217600C73AEE /* Pickers.swift */; };
		4AA59CAE2A1253B200C73AEE /* PickerAndStyles.swift in Sources */ = {isa = PBXBuildFile; fileRef = 4AA59CAD2A1253B200C73AEE /* PickerAndStyles.swift */; };
		4AA6DAD12A02F78D00DEC333 /* Sheets.swift in Sources */ = {isa = PBXBuildFile; fileRef = 4AA6DAD02A02F78D00DEC333 /* Sheets.swift */; };
		4AAF56A829FA54CC00821C0E /* ConditionalStatements.swift in Sources */ = {isa = PBXBuildFile; fileRef = 4AAF56A729FA54CC00821C0E /* ConditionalStatements.swift */; };
		4ABA5B4929ED51DB00B02F0E /* TextView.swift in Sources */ = {isa = PBXBuildFile; fileRef = 4ABA5B4829ED51DB00B02F0E /* TextView.swift */; };
		4ABA5B4B29ED729A00B02F0E /* Shapes.swift in Sources */ = {isa = PBXBuildFile; fileRef = 4ABA5B4A29ED729A00B02F0E /* Shapes.swift */; };
		4ABA5B4D29ED7DDC00B02F0E /* Colors.swift in Sources */ = {isa = PBXBuildFile; fileRef = 4ABA5B4C29ED7DDC00B02F0E /* Colors.swift */; };
		4ABA5B4F29EEC09B00B02F0E /* Gradients.swift in Sources */ = {isa = PBXBuildFile; fileRef = 4ABA5B4E29EEC09B00B02F0E /* Gradients.swift */; };
		4ABA5B5129EEDCE300B02F0E /* Icons.swift in Sources */ = {isa = PBXBuildFile; fileRef = 4ABA5B5029EEDCE300B02F0E /* Icons.swift */; };
		4ABA5B5329EFC6B200B02F0E /* Images.swift in Sources */ = {isa = PBXBuildFile; fileRef = 4ABA5B5229EFC6B200B02F0E /* Images.swift */; };
		4ABA5B5529EFD8CD00B02F0E /* Frame.swift in Sources */ = {isa = PBXBuildFile; fileRef = 4ABA5B5429EFD8CD00B02F0E /* Frame.swift */; };
		4ABA5B5729EFDD1300B02F0E /* BackgroundAndOverlay.swift in Sources */ = {isa = PBXBuildFile; fileRef = 4ABA5B5629EFDD1300B02F0E /* BackgroundAndOverlay.swift */; };
		4ABA5B5929F01F0800B02F0E /* Stacks.swift in Sources */ = {isa = PBXBuildFile; fileRef = 4ABA5B5829F01F0800B02F0E /* Stacks.swift */; };
		4ABA5B5D29F11C0200B02F0E /* Padding.swift in Sources */ = {isa = PBXBuildFile; fileRef = 4ABA5B5C29F11C0200B02F0E /* Padding.swift */; };
		4ABA5B6129F65EBD00B02F0E /* Initializer.swift in Sources */ = {isa = PBXBuildFile; fileRef = 4ABA5B6029F65EBD00B02F0E /* Initializer.swift */; };
		4ABA5B6529F67BA000B02F0E /* ForEachView.swift in Sources */ = {isa = PBXBuildFile; fileRef = 4ABA5B6429F67BA000B02F0E /* ForEachView.swift */; };
		4ABA5B8329F6A9B100B02F0E /* Scroll.swift in Sources */ = {isa = PBXBuildFile; fileRef = 4ABA5B8229F6A9B100B02F0E /* Scroll.swift */; };
		4ABA5B8529F6C7B200B02F0E /* LazyGrid.swift in Sources */ = {isa = PBXBuildFile; fileRef = 4ABA5B8429F6C7B200B02F0E /* LazyGrid.swift */; };
		4ABA5B8729F7B6D300B02F0E /* SafeArea.swift in Sources */ = {isa = PBXBuildFile; fileRef = 4ABA5B8629F7B6D300B02F0E /* SafeArea.swift */; };
		4ABA5B8929F7C71700B02F0E /* Buttons.swift in Sources */ = {isa = PBXBuildFile; fileRef = 4ABA5B8829F7C71700B02F0E /* Buttons.swift */; };
		4ABA5B8B29F805DF00B02F0E /* States.swift in Sources */ = {isa = PBXBuildFile; fileRef = 4ABA5B8A29F805DF00B02F0E /* States.swift */; };
		4AC8678A2A21FC1B00ACADD2 /* DarkMode.swift in Sources */ = {isa = PBXBuildFile; fileRef = 4AC867892A21FC1B00ACADD2 /* DarkMode.swift */; };
		4AC8678C2A24EA0B00ACADD2 /* Documentation.swift in Sources */ = {isa = PBXBuildFile; fileRef = 4AC8678B2A24EA0B00ACADD2 /* Documentation.swift */; };
		4AE4813F29FC02C300D41F89 /* Transitions.swift in Sources */ = {isa = PBXBuildFile; fileRef = 4AE4813E29FC02C300D41F89 /* Transitions.swift */; };
		4AEDCBF32A1BA687001FE6C3 /* Steppers.swift in Sources */ = {isa = PBXBuildFile; fileRef = 4AEDCBF22A1BA687001FE6C3 /* Steppers.swift */; };
		4AEDCBF52A1CE557001FE6C3 /* Sliders.swift in Sources */ = {isa = PBXBuildFile; fileRef = 4AEDCBF42A1CE557001FE6C3 /* Sliders.swift */; };
		4AEDCBF72A1E53E5001FE6C3 /* TabViews.swift in Sources */ = {isa = PBXBuildFile; fileRef = 4AEDCBF62A1E53E5001FE6C3 /* TabViews.swift */; };
		4AF55CD429FA730B00BEB955 /* TernaryOperators.swift in Sources */ = {isa = PBXBuildFile; fileRef = 4AF55CD329FA730B00BEB955 /* TernaryOperators.swift */; };
		4AF55CD629FA79B600BEB955 /* Animations.swift in Sources */ = {isa = PBXBuildFile; fileRef = 4AF55CD529FA79B600BEB955 /* Animations.swift */; };
		4AF55CD829FA9C9400BEB955 /* Spacing.swift in Sources */ = {isa = PBXBuildFile; fileRef = 4AF55CD729FA9C9400BEB955 /* Spacing.swift */; };
		4AF55CDA29FAB06900BEB955 /* AnimationCurves.swift in Sources */ = {isa = PBXBuildFile; fileRef = 4AF55CD929FAB06900BEB955 /* AnimationCurves.swift */; };
/* End PBXBuildFile section */

/* Begin PBXFileReference section */
		4A23759929ED4B0B00C8A52C /* SwiftUIIntro.app */ = {isa = PBXFileReference; explicitFileType = wrapper.application; includeInIndex = 0; path = SwiftUIIntro.app; sourceTree = BUILT_PRODUCTS_DIR; };
		4A23759C29ED4B0B00C8A52C /* SwiftUIIntroApp.swift */ = {isa = PBXFileReference; lastKnownFileType = sourcecode.swift; path = SwiftUIIntroApp.swift; sourceTree = "<group>"; };
		4A23759E29ED4B0B00C8A52C /* ContentView.swift */ = {isa = PBXFileReference; lastKnownFileType = sourcecode.swift; path = ContentView.swift; sourceTree = "<group>"; };
		4A2375A029ED4B0C00C8A52C /* Assets.xcassets */ = {isa = PBXFileReference; lastKnownFileType = folder.assetcatalog; path = Assets.xcassets; sourceTree = "<group>"; };
		4A2375A329ED4B0C00C8A52C /* Preview Assets.xcassets */ = {isa = PBXFileReference; lastKnownFileType = folder.assetcatalog; path = "Preview Assets.xcassets"; sourceTree = "<group>"; };
		4A44569E2A0BD4A900BC81B9 /* ContextMenu.swift */ = {isa = PBXFileReference; lastKnownFileType = sourcecode.swift; path = ContextMenu.swift; sourceTree = "<group>"; };
		4A4456A62A0CD72000BC81B9 /* TextFields.swift */ = {isa = PBXFileReference; lastKnownFileType = sourcecode.swift; path = TextFields.swift; sourceTree = "<group>"; };
		4A4456A82A0CFA9900BC81B9 /* TextEditors.swift */ = {isa = PBXFileReference; lastKnownFileType = sourcecode.swift; path = TextEditors.swift; sourceTree = "<group>"; };
		4A4456AA2A0D101600BC81B9 /* Toggles.swift */ = {isa = PBXFileReference; lastKnownFileType = sourcecode.swift; path = Toggles.swift; sourceTree = "<group>"; };
		4A475B7929F904F0001C7ECC /* ExtractedFunctions.swift */ = {isa = PBXFileReference; lastKnownFileType = sourcecode.swift; path = ExtractedFunctions.swift; sourceTree = "<group>"; };
		4A475B7B29F90FDB001C7ECC /* ExtractSubViews.swift */ = {isa = PBXFileReference; lastKnownFileType = sourcecode.swift; path = ExtractSubViews.swift; sourceTree = "<group>"; };
		4A4C9B302A2A2ABC0074212D /* OnAppearOnDisappear.swift */ = {isa = PBXFileReference; lastKnownFileType = sourcecode.swift; path = OnAppearOnDisappear.swift; sourceTree = "<group>"; };
		4A4DB4F32A08E4AC00F29D3D /* PopOver.swift */ = {isa = PBXFileReference; lastKnownFileType = sourcecode.swift; path = PopOver.swift; sourceTree = "<group>"; };
		4A4DB4F72A09335F00F29D3D /* Navigation.swift */ = {isa = PBXFileReference; lastKnownFileType = sourcecode.swift; path = Navigation.swift; sourceTree = "<group>"; };
		4A4DB4F92A0A31D600F29D3D /* ListEdit.swift */ = {isa = PBXFileReference; lastKnownFileType = sourcecode.swift; path = ListEdit.swift; sourceTree = "<group>"; };
		4A4DB4FD2A0B83DE00F29D3D /* Alerts.swift */ = {isa = PBXFileReference; lastKnownFileType = sourcecode.swift; path = Alerts.swift; sourceTree = "<group>"; };
		4A6BD2D92A136CD000342D5C /* ColorPickers.swift */ = {isa = PBXFileReference; lastKnownFileType = sourcecode.swift; path = ColorPickers.swift; sourceTree = "<group>"; };
		4A6BD2DB2A13BEEB00342D5C /* ActionSheets.swift */ = {isa = PBXFileReference; lastKnownFileType = sourcecode.swift; path = ActionSheets.swift; sourceTree = "<group>"; };
		4A6BD2DD2A16151F00342D5C /* DatePickers.swift */ = {isa = PBXFileReference; lastKnownFileType = sourcecode.swift; path = DatePickers.swift; sourceTree = "<group>"; };
		4A7DE5DC29F95F4900C0ABF8 /* BindingView.swift */ = {isa = PBXFileReference; lastKnownFileType = sourcecode.swift; path = BindingView.swift; sourceTree = "<group>"; };
		4AA59CAB2A12217600C73AEE /* Pickers.swift */ = {isa = PBXFileReference; lastKnownFileType = sourcecode.swift; path = Pickers.swift; sourceTree = "<group>"; };
		4AA59CAD2A1253B200C73AEE /* PickerAndStyles.swift */ = {isa = PBXFileReference; lastKnownFileType = sourcecode.swift; path = PickerAndStyles.swift; sourceTree = "<group>"; };
		4AA6DAD02A02F78D00DEC333 /* Sheets.swift */ = {isa = PBXFileReference; lastKnownFileType = sourcecode.swift; path = Sheets.swift; sourceTree = "<group>"; };
		4AAF56A729FA54CC00821C0E /* ConditionalStatements.swift */ = {isa = PBXFileReference; lastKnownFileType = sourcecode.swift; path = ConditionalStatements.swift; sourceTree = "<group>"; };
		4ABA5B4829ED51DB00B02F0E /* TextView.swift */ = {isa = PBXFileReference; lastKnownFileType = sourcecode.swift; path = TextView.swift; sourceTree = "<group>"; };
		4ABA5B4A29ED729A00B02F0E /* Shapes.swift */ = {isa = PBXFileReference; lastKnownFileType = sourcecode.swift; path = Shapes.swift; sourceTree = "<group>"; };
		4ABA5B4C29ED7DDC00B02F0E /* Colors.swift */ = {isa = PBXFileReference; lastKnownFileType = sourcecode.swift; path = Colors.swift; sourceTree = "<group>"; };
		4ABA5B4E29EEC09B00B02F0E /* Gradients.swift */ = {isa = PBXFileReference; lastKnownFileType = sourcecode.swift; path = Gradients.swift; sourceTree = "<group>"; };
		4ABA5B5029EEDCE300B02F0E /* Icons.swift */ = {isa = PBXFileReference; lastKnownFileType = sourcecode.swift; path = Icons.swift; sourceTree = "<group>"; };
		4ABA5B5229EFC6B200B02F0E /* Images.swift */ = {isa = PBXFileReference; lastKnownFileType = sourcecode.swift; path = Images.swift; sourceTree = "<group>"; };
		4ABA5B5429EFD8CD00B02F0E /* Frame.swift */ = {isa = PBXFileReference; lastKnownFileType = sourcecode.swift; path = Frame.swift; sourceTree = "<group>"; };
		4ABA5B5629EFDD1300B02F0E /* BackgroundAndOverlay.swift */ = {isa = PBXFileReference; lastKnownFileType = sourcecode.swift; path = BackgroundAndOverlay.swift; sourceTree = "<group>"; };
		4ABA5B5829F01F0800B02F0E /* Stacks.swift */ = {isa = PBXFileReference; lastKnownFileType = sourcecode.swift; path = Stacks.swift; sourceTree = "<group>"; };
		4ABA5B5C29F11C0200B02F0E /* Padding.swift */ = {isa = PBXFileReference; lastKnownFileType = sourcecode.swift; path = Padding.swift; sourceTree = "<group>"; };
		4ABA5B6029F65EBD00B02F0E /* Initializer.swift */ = {isa = PBXFileReference; lastKnownFileType = sourcecode.swift; path = Initializer.swift; sourceTree = "<group>"; };
		4ABA5B6429F67BA000B02F0E /* ForEachView.swift */ = {isa = PBXFileReference; lastKnownFileType = sourcecode.swift; path = ForEachView.swift; sourceTree = "<group>"; };
		4ABA5B8229F6A9B100B02F0E /* Scroll.swift */ = {isa = PBXFileReference; lastKnownFileType = sourcecode.swift; path = Scroll.swift; sourceTree = "<group>"; };
		4ABA5B8429F6C7B200B02F0E /* LazyGrid.swift */ = {isa = PBXFileReference; lastKnownFileType = sourcecode.swift; path = LazyGrid.swift; sourceTree = "<group>"; };
		4ABA5B8629F7B6D300B02F0E /* SafeArea.swift */ = {isa = PBXFileReference; lastKnownFileType = sourcecode.swift; path = SafeArea.swift; sourceTree = "<group>"; };
		4ABA5B8829F7C71700B02F0E /* Buttons.swift */ = {isa = PBXFileReference; lastKnownFileType = sourcecode.swift; path = Buttons.swift; sourceTree = "<group>"; };
		4ABA5B8A29F805DF00B02F0E /* States.swift */ = {isa = PBXFileReference; lastKnownFileType = sourcecode.swift; path = States.swift; sourceTree = "<group>"; };
		4AC867892A21FC1B00ACADD2 /* DarkMode.swift */ = {isa = PBXFileReference; lastKnownFileType = sourcecode.swift; path = DarkMode.swift; sourceTree = "<group>"; };
		4AC8678B2A24EA0B00ACADD2 /* Documentation.swift */ = {isa = PBXFileReference; lastKnownFileType = sourcecode.swift; path = Documentation.swift; sourceTree = "<group>"; };
		4AE4813E29FC02C300D41F89 /* Transitions.swift */ = {isa = PBXFileReference; lastKnownFileType = sourcecode.swift; path = Transitions.swift; sourceTree = "<group>"; };
		4AEDCBF22A1BA687001FE6C3 /* Steppers.swift */ = {isa = PBXFileReference; lastKnownFileType = sourcecode.swift; path = Steppers.swift; sourceTree = "<group>"; };
		4AEDCBF42A1CE557001FE6C3 /* Sliders.swift */ = {isa = PBXFileReference; lastKnownFileType = sourcecode.swift; path = Sliders.swift; sourceTree = "<group>"; };
		4AEDCBF62A1E53E5001FE6C3 /* TabViews.swift */ = {isa = PBXFileReference; lastKnownFileType = sourcecode.swift; path = TabViews.swift; sourceTree = "<group>"; };
		4AF55CD329FA730B00BEB955 /* TernaryOperators.swift */ = {isa = PBXFileReference; lastKnownFileType = sourcecode.swift; path = TernaryOperators.swift; sourceTree = "<group>"; };
		4AF55CD529FA79B600BEB955 /* Animations.swift */ = {isa = PBXFileReference; lastKnownFileType = sourcecode.swift; path = Animations.swift; sourceTree = "<group>"; };
		4AF55CD729FA9C9400BEB955 /* Spacing.swift */ = {isa = PBXFileReference; lastKnownFileType = sourcecode.swift; path = Spacing.swift; sourceTree = "<group>"; };
		4AF55CD929FAB06900BEB955 /* AnimationCurves.swift */ = {isa = PBXFileReference; lastKnownFileType = sourcecode.swift; path = AnimationCurves.swift; sourceTree = "<group>"; };
/* End PBXFileReference section */

/* Begin PBXFrameworksBuildPhase section */
		4A23759629ED4B0B00C8A52C /* Frameworks */ = {
			isa = PBXFrameworksBuildPhase;
			buildActionMask = 2147483647;
			files = (
			);
			runOnlyForDeploymentPostprocessing = 0;
		};
/* End PBXFrameworksBuildPhase section */

/* Begin PBXGroup section */
		4A23759029ED4B0B00C8A52C = {
			isa = PBXGroup;
			children = (
				4A23759B29ED4B0B00C8A52C /* SwiftUIIntro */,
				4A23759A29ED4B0B00C8A52C /* Products */,
			);
			sourceTree = "<group>";
		};
		4A23759A29ED4B0B00C8A52C /* Products */ = {
			isa = PBXGroup;
			children = (
				4A23759929ED4B0B00C8A52C /* SwiftUIIntro.app */,
			);
			name = Products;
			sourceTree = "<group>";
		};
		4A23759B29ED4B0B00C8A52C /* SwiftUIIntro */ = {
			isa = PBXGroup;
			children = (
				4A23759C29ED4B0B00C8A52C /* SwiftUIIntroApp.swift */,
				4A23759E29ED4B0B00C8A52C /* ContentView.swift */,
				4ABA5B4A29ED729A00B02F0E /* Shapes.swift */,
				4ABA5B5C29F11C0200B02F0E /* Padding.swift */,
				4AA6DAD02A02F78D00DEC333 /* Sheets.swift */,
				4ABA5B6429F67BA000B02F0E /* ForEachView.swift */,
				4ABA5B5429EFD8CD00B02F0E /* Frame.swift */,
				4ABA5B8429F6C7B200B02F0E /* LazyGrid.swift */,
				4A4456A62A0CD72000BC81B9 /* TextFields.swift */,
				4AA59CAB2A12217600C73AEE /* Pickers.swift */,
				4AA59CAD2A1253B200C73AEE /* PickerAndStyles.swift */,
				4A4456AA2A0D101600BC81B9 /* Toggles.swift */,
				4AEDCBF22A1BA687001FE6C3 /* Steppers.swift */,
				4A4456A82A0CFA9900BC81B9 /* TextEditors.swift */,
				4AEDCBF42A1CE557001FE6C3 /* Sliders.swift */,
				4ABA5B8629F7B6D300B02F0E /* SafeArea.swift */,
				4AC867892A21FC1B00ACADD2 /* DarkMode.swift */,
				4A475B7929F904F0001C7ECC /* ExtractedFunctions.swift */,
				4AF55CD729FA9C9400BEB955 /* Spacing.swift */,
				4ABA5B5829F01F0800B02F0E /* Stacks.swift */,
				4A4DB4FD2A0B83DE00F29D3D /* Alerts.swift */,
				4A6BD2DB2A13BEEB00342D5C /* ActionSheets.swift */,
				4A4DB4F92A0A31D600F29D3D /* ListEdit.swift */,
				4ABA5B8A29F805DF00B02F0E /* States.swift */,
				4A44569E2A0BD4A900BC81B9 /* ContextMenu.swift */,
				4A6BD2DD2A16151F00342D5C /* DatePickers.swift */,
				4A4DB4F32A08E4AC00F29D3D /* PopOver.swift */,
				4A4DB4F72A09335F00F29D3D /* Navigation.swift */,
				4A6BD2D92A136CD000342D5C /* ColorPickers.swift */,
				4AEDCBF62A1E53E5001FE6C3 /* TabViews.swift */,
				4ABA5B6029F65EBD00B02F0E /* Initializer.swift */,
				4AF55CD929FAB06900BEB955 /* AnimationCurves.swift */,
				4A4C9B302A2A2ABC0074212D /* OnAppearOnDisappear.swift */,
				4A7DE5DC29F95F4900C0ABF8 /* BindingView.swift */,
				4ABA5B8829F7C71700B02F0E /* Buttons.swift */,
				4A475B7B29F90FDB001C7ECC /* ExtractSubViews.swift */,
				4AAF56A729FA54CC00821C0E /* ConditionalStatements.swift */,
				4ABA5B4C29ED7DDC00B02F0E /* Colors.swift */,
				4AF55CD329FA730B00BEB955 /* TernaryOperators.swift */,
				4AF55CD529FA79B600BEB955 /* Animations.swift */,
				4AE4813E29FC02C300D41F89 /* Transitions.swift */,
				4AC8678B2A24EA0B00ACADD2 /* Documentation.swift */,
				4ABA5B8229F6A9B100B02F0E /* Scroll.swift */,
				4ABA5B5629EFDD1300B02F0E /* BackgroundAndOverlay.swift */,
				4ABA5B5029EEDCE300B02F0E /* Icons.swift */,
				4ABA5B5229EFC6B200B02F0E /* Images.swift */,
				4ABA5B4E29EEC09B00B02F0E /* Gradients.swift */,
				4ABA5B4829ED51DB00B02F0E /* TextView.swift */,
				4A2375A029ED4B0C00C8A52C /* Assets.xcassets */,
				4A2375A229ED4B0C00C8A52C /* Preview Content */,
			);
			path = SwiftUIIntro;
			sourceTree = "<group>";
		};
		4A2375A229ED4B0C00C8A52C /* Preview Content */ = {
			isa = PBXGroup;
			children = (
				4A2375A329ED4B0C00C8A52C /* Preview Assets.xcassets */,
			);
			path = "Preview Content";
			sourceTree = "<group>";
		};
/* End PBXGroup section */

/* Begin PBXNativeTarget section */
		4A23759829ED4B0B00C8A52C /* SwiftUIIntro */ = {
			isa = PBXNativeTarget;
			buildConfigurationList = 4A2375A729ED4B0C00C8A52C /* Build configuration list for PBXNativeTarget "SwiftUIIntro" */;
			buildPhases = (
				4A23759529ED4B0B00C8A52C /* Sources */,
				4A23759629ED4B0B00C8A52C /* Frameworks */,
				4A23759729ED4B0B00C8A52C /* Resources */,
			);
			buildRules = (
			);
			dependencies = (
			);
			name = SwiftUIIntro;
			productName = SwiftUIIntro;
			productReference = 4A23759929ED4B0B00C8A52C /* SwiftUIIntro.app */;
			productType = "com.apple.product-type.application";
		};
/* End PBXNativeTarget section */

/* Begin PBXProject section */
		4A23759129ED4B0B00C8A52C /* Project object */ = {
			isa = PBXProject;
			attributes = {
				BuildIndependentTargetsInParallel = 1;
				LastSwiftUpdateCheck = 1430;
				LastUpgradeCheck = 1430;
				TargetAttributes = {
					4A23759829ED4B0B00C8A52C = {
						CreatedOnToolsVersion = 14.3;
					};
				};
			};
			buildConfigurationList = 4A23759429ED4B0B00C8A52C /* Build configuration list for PBXProject "SwiftUIIntro" */;
			compatibilityVersion = "Xcode 14.0";
			developmentRegion = en;
			hasScannedForEncodings = 0;
			knownRegions = (
				en,
				Base,
			);
			mainGroup = 4A23759029ED4B0B00C8A52C;
			productRefGroup = 4A23759A29ED4B0B00C8A52C /* Products */;
			projectDirPath = "";
			projectRoot = "";
			targets = (
				4A23759829ED4B0B00C8A52C /* SwiftUIIntro */,
			);
		};
/* End PBXProject section */

/* Begin PBXResourcesBuildPhase section */
		4A23759729ED4B0B00C8A52C /* Resources */ = {
			isa = PBXResourcesBuildPhase;
			buildActionMask = 2147483647;
			files = (
				4A2375A429ED4B0C00C8A52C /* Preview Assets.xcassets in Resources */,
				4A2375A129ED4B0C00C8A52C /* Assets.xcassets in Resources */,
			);
			runOnlyForDeploymentPostprocessing = 0;
		};
/* End PBXResourcesBuildPhase section */

/* Begin PBXSourcesBuildPhase section */
		4A23759529ED4B0B00C8A52C /* Sources */ = {
			isa = PBXSourcesBuildPhase;
			buildActionMask = 2147483647;
			files = (
				4ABA5B5529EFD8CD00B02F0E /* Frame.swift in Sources */,
				4A4DB4F42A08E4AC00F29D3D /* PopOver.swift in Sources */,
				4AF55CDA29FAB06900BEB955 /* AnimationCurves.swift in Sources */,
				4ABA5B5129EEDCE300B02F0E /* Icons.swift in Sources */,
				4ABA5B5929F01F0800B02F0E /* Stacks.swift in Sources */,
				4A4456A72A0CD72000BC81B9 /* TextFields.swift in Sources */,
				4ABA5B8529F6C7B200B02F0E /* LazyGrid.swift in Sources */,
				4ABA5B4929ED51DB00B02F0E /* TextView.swift in Sources */,
				4ABA5B4D29ED7DDC00B02F0E /* Colors.swift in Sources */,
				4A7DE5DD29F95F4900C0ABF8 /* BindingView.swift in Sources */,
				4AC8678A2A21FC1B00ACADD2 /* DarkMode.swift in Sources */,
				4A6BD2DC2A13BEEB00342D5C /* ActionSheets.swift in Sources */,
				4ABA5B8729F7B6D300B02F0E /* SafeArea.swift in Sources */,
				4ABA5B8329F6A9B100B02F0E /* Scroll.swift in Sources */,
				4A4DB4FA2A0A31D600F29D3D /* ListEdit.swift in Sources */,
				4ABA5B6529F67BA000B02F0E /* ForEachView.swift in Sources */,
				4A4C9B312A2A2ABC0074212D /* OnAppearOnDisappear.swift in Sources */,
				4A475B7A29F904F0001C7ECC /* ExtractedFunctions.swift in Sources */,
				4AA59CAC2A12217600C73AEE /* Pickers.swift in Sources */,
				4AA6DAD12A02F78D00DEC333 /* Sheets.swift in Sources */,
				4AF55CD829FA9C9400BEB955 /* Spacing.swift in Sources */,
				4ABA5B5729EFDD1300B02F0E /* BackgroundAndOverlay.swift in Sources */,
				4A23759F29ED4B0B00C8A52C /* ContentView.swift in Sources */,
				4A4456A92A0CFA9900BC81B9 /* TextEditors.swift in Sources */,
				4A44569F2A0BD4A900BC81B9 /* ContextMenu.swift in Sources */,
				4ABA5B6129F65EBD00B02F0E /* Initializer.swift in Sources */,
				4A23759D29ED4B0B00C8A52C /* SwiftUIIntroApp.swift in Sources */,
				4ABA5B5329EFC6B200B02F0E /* Images.swift in Sources */,
				4AEDCBF72A1E53E5001FE6C3 /* TabViews.swift in Sources */,
				4A4456AB2A0D101600BC81B9 /* Toggles.swift in Sources */,
				4AE4813F29FC02C300D41F89 /* Transitions.swift in Sources */,
				4ABA5B8B29F805DF00B02F0E /* States.swift in Sources */,
				4AAF56A829FA54CC00821C0E /* ConditionalStatements.swift in Sources */,
				4A6BD2DA2A136CD000342D5C /* ColorPickers.swift in Sources */,
				4AF55CD429FA730B00BEB955 /* TernaryOperators.swift in Sources */,
				4AEDCBF32A1BA687001FE6C3 /* Steppers.swift in Sources */,
				4AF55CD629FA79B600BEB955 /* Animations.swift in Sources */,
				4ABA5B4B29ED729A00B02F0E /* Shapes.swift in Sources */,
				4A4DB4F82A09335F00F29D3D /* Navigation.swift in Sources */,
				4A6BD2DE2A16151F00342D5C /* DatePickers.swift in Sources */,
				4ABA5B8929F7C71700B02F0E /* Buttons.swift in Sources */,
				4AA59CAE2A1253B200C73AEE /* PickerAndStyles.swift in Sources */,
				4A475B7C29F90FDB001C7ECC /* ExtractSubViews.swift in Sources */,
				4ABA5B4F29EEC09B00B02F0E /* Gradients.swift in Sources */,
				4A4DB4FE2A0B83DE00F29D3D /* Alerts.swift in Sources */,
				4AEDCBF52A1CE557001FE6C3 /* Sliders.swift in Sources */,
				4AC8678C2A24EA0B00ACADD2 /* Documentation.swift in Sources */,
				4ABA5B5D29F11C0200B02F0E /* Padding.swift in Sources */,
			);
			runOnlyForDeploymentPostprocessing = 0;
		};
/* End PBXSourcesBuildPhase section */

/* Begin XCBuildConfiguration section */
		4A2375A529ED4B0C00C8A52C /* Debug */ = {
			isa = XCBuildConfiguration;
			buildSettings = {
				ALWAYS_SEARCH_USER_PATHS = NO;
				CLANG_ANALYZER_NONNULL = YES;
				CLANG_ANALYZER_NUMBER_OBJECT_CONVERSION = YES_AGGRESSIVE;
				CLANG_CXX_LANGUAGE_STANDARD = "gnu++20";
				CLANG_ENABLE_MODULES = YES;
				CLANG_ENABLE_OBJC_ARC = YES;
				CLANG_ENABLE_OBJC_WEAK = YES;
				CLANG_WARN_BLOCK_CAPTURE_AUTORELEASING = YES;
				CLANG_WARN_BOOL_CONVERSION = YES;
				CLANG_WARN_COMMA = YES;
				CLANG_WARN_CONSTANT_CONVERSION = YES;
				CLANG_WARN_DEPRECATED_OBJC_IMPLEMENTATIONS = YES;
				CLANG_WARN_DIRECT_OBJC_ISA_USAGE = YES_ERROR;
				CLANG_WARN_DOCUMENTATION_COMMENTS = YES;
				CLANG_WARN_EMPTY_BODY = YES;
				CLANG_WARN_ENUM_CONVERSION = YES;
				CLANG_WARN_INFINITE_RECURSION = YES;
				CLANG_WARN_INT_CONVERSION = YES;
				CLANG_WARN_NON_LITERAL_NULL_CONVERSION = YES;
				CLANG_WARN_OBJC_IMPLICIT_RETAIN_SELF = YES;
				CLANG_WARN_OBJC_LITERAL_CONVERSION = YES;
				CLANG_WARN_OBJC_ROOT_CLASS = YES_ERROR;
				CLANG_WARN_QUOTED_INCLUDE_IN_FRAMEWORK_HEADER = YES;
				CLANG_WARN_RANGE_LOOP_ANALYSIS = YES;
				CLANG_WARN_STRICT_PROTOTYPES = YES;
				CLANG_WARN_SUSPICIOUS_MOVE = YES;
				CLANG_WARN_UNGUARDED_AVAILABILITY = YES_AGGRESSIVE;
				CLANG_WARN_UNREACHABLE_CODE = YES;
				CLANG_WARN__DUPLICATE_METHOD_MATCH = YES;
				COPY_PHASE_STRIP = NO;
				DEBUG_INFORMATION_FORMAT = dwarf;
				ENABLE_STRICT_OBJC_MSGSEND = YES;
				ENABLE_TESTABILITY = YES;
				GCC_C_LANGUAGE_STANDARD = gnu11;
				GCC_DYNAMIC_NO_PIC = NO;
				GCC_NO_COMMON_BLOCKS = YES;
				GCC_OPTIMIZATION_LEVEL = 0;
				GCC_PREPROCESSOR_DEFINITIONS = (
					"DEBUG=1",
					"$(inherited)",
				);
				GCC_WARN_64_TO_32_BIT_CONVERSION = YES;
				GCC_WARN_ABOUT_RETURN_TYPE = YES_ERROR;
				GCC_WARN_UNDECLARED_SELECTOR = YES;
				GCC_WARN_UNINITIALIZED_AUTOS = YES_AGGRESSIVE;
				GCC_WARN_UNUSED_FUNCTION = YES;
				GCC_WARN_UNUSED_VARIABLE = YES;
				IPHONEOS_DEPLOYMENT_TARGET = 16.4;
				MTL_ENABLE_DEBUG_INFO = INCLUDE_SOURCE;
				MTL_FAST_MATH = YES;
				ONLY_ACTIVE_ARCH = YES;
				SDKROOT = iphoneos;
				SWIFT_ACTIVE_COMPILATION_CONDITIONS = DEBUG;
				SWIFT_OPTIMIZATION_LEVEL = "-Onone";
			};
			name = Debug;
		};
		4A2375A629ED4B0C00C8A52C /* Release */ = {
			isa = XCBuildConfiguration;
			buildSettings = {
				ALWAYS_SEARCH_USER_PATHS = NO;
				CLANG_ANALYZER_NONNULL = YES;
				CLANG_ANALYZER_NUMBER_OBJECT_CONVERSION = YES_AGGRESSIVE;
				CLANG_CXX_LANGUAGE_STANDARD = "gnu++20";
				CLANG_ENABLE_MODULES = YES;
				CLANG_ENABLE_OBJC_ARC = YES;
				CLANG_ENABLE_OBJC_WEAK = YES;
				CLANG_WARN_BLOCK_CAPTURE_AUTORELEASING = YES;
				CLANG_WARN_BOOL_CONVERSION = YES;
				CLANG_WARN_COMMA = YES;
				CLANG_WARN_CONSTANT_CONVERSION = YES;
				CLANG_WARN_DEPRECATED_OBJC_IMPLEMENTATIONS = YES;
				CLANG_WARN_DIRECT_OBJC_ISA_USAGE = YES_ERROR;
				CLANG_WARN_DOCUMENTATION_COMMENTS = YES;
				CLANG_WARN_EMPTY_BODY = YES;
				CLANG_WARN_ENUM_CONVERSION = YES;
				CLANG_WARN_INFINITE_RECURSION = YES;
				CLANG_WARN_INT_CONVERSION = YES;
				CLANG_WARN_NON_LITERAL_NULL_CONVERSION = YES;
				CLANG_WARN_OBJC_IMPLICIT_RETAIN_SELF = YES;
				CLANG_WARN_OBJC_LITERAL_CONVERSION = YES;
				CLANG_WARN_OBJC_ROOT_CLASS = YES_ERROR;
				CLANG_WARN_QUOTED_INCLUDE_IN_FRAMEWORK_HEADER = YES;
				CLANG_WARN_RANGE_LOOP_ANALYSIS = YES;
				CLANG_WARN_STRICT_PROTOTYPES = YES;
				CLANG_WARN_SUSPICIOUS_MOVE = YES;
				CLANG_WARN_UNGUARDED_AVAILABILITY = YES_AGGRESSIVE;
				CLANG_WARN_UNREACHABLE_CODE = YES;
				CLANG_WARN__DUPLICATE_METHOD_MATCH = YES;
				COPY_PHASE_STRIP = NO;
				DEBUG_INFORMATION_FORMAT = "dwarf-with-dsym";
				ENABLE_NS_ASSERTIONS = NO;
				ENABLE_STRICT_OBJC_MSGSEND = YES;
				GCC_C_LANGUAGE_STANDARD = gnu11;
				GCC_NO_COMMON_BLOCKS = YES;
				GCC_WARN_64_TO_32_BIT_CONVERSION = YES;
				GCC_WARN_ABOUT_RETURN_TYPE = YES_ERROR;
				GCC_WARN_UNDECLARED_SELECTOR = YES;
				GCC_WARN_UNINITIALIZED_AUTOS = YES_AGGRESSIVE;
				GCC_WARN_UNUSED_FUNCTION = YES;
				GCC_WARN_UNUSED_VARIABLE = YES;
				IPHONEOS_DEPLOYMENT_TARGET = 16.4;
				MTL_ENABLE_DEBUG_INFO = NO;
				MTL_FAST_MATH = YES;
				SDKROOT = iphoneos;
				SWIFT_COMPILATION_MODE = wholemodule;
				SWIFT_OPTIMIZATION_LEVEL = "-O";
				VALIDATE_PRODUCT = YES;
			};
			name = Release;
		};
		4A2375A829ED4B0C00C8A52C /* Debug */ = {
			isa = XCBuildConfiguration;
			buildSettings = {
				ASSETCATALOG_COMPILER_APPICON_NAME = AppIcon;
				ASSETCATALOG_COMPILER_GLOBAL_ACCENT_COLOR_NAME = AccentColor;
				CODE_SIGN_STYLE = Automatic;
				CURRENT_PROJECT_VERSION = 1;
				DEVELOPMENT_ASSET_PATHS = "\"SwiftUIIntro/Preview Content\"";
				DEVELOPMENT_TEAM = 6RN3QWSZXA;
				ENABLE_PREVIEWS = YES;
				GENERATE_INFOPLIST_FILE = YES;
				INFOPLIST_KEY_UIApplicationSceneManifest_Generation = YES;
				INFOPLIST_KEY_UIApplicationSupportsIndirectInputEvents = YES;
				INFOPLIST_KEY_UILaunchScreen_Generation = YES;
				INFOPLIST_KEY_UISupportedInterfaceOrientations_iPad = "UIInterfaceOrientationPortrait UIInterfaceOrientationPortraitUpsideDown UIInterfaceOrientationLandscapeLeft UIInterfaceOrientationLandscapeRight";
				INFOPLIST_KEY_UISupportedInterfaceOrientations_iPhone = "UIInterfaceOrientationPortrait UIInterfaceOrientationLandscapeLeft UIInterfaceOrientationLandscapeRight";
				LD_RUNPATH_SEARCH_PATHS = (
					"$(inherited)",
					"@executable_path/Frameworks",
				);
				MARKETING_VERSION = 1.0;
				PRODUCT_BUNDLE_IDENTIFIER = com.osmantahadeniz.SwiftUIIntro;
				PRODUCT_NAME = "$(TARGET_NAME)";
				SWIFT_EMIT_LOC_STRINGS = YES;
				SWIFT_VERSION = 5.0;
				TARGETED_DEVICE_FAMILY = "1,2";
			};
			name = Debug;
		};
		4A2375A929ED4B0C00C8A52C /* Release */ = {
			isa = XCBuildConfiguration;
			buildSettings = {
				ASSETCATALOG_COMPILER_APPICON_NAME = AppIcon;
				ASSETCATALOG_COMPILER_GLOBAL_ACCENT_COLOR_NAME = AccentColor;
				CODE_SIGN_STYLE = Automatic;
				CURRENT_PROJECT_VERSION = 1;
				DEVELOPMENT_ASSET_PATHS = "\"SwiftUIIntro/Preview Content\"";
				DEVELOPMENT_TEAM = 6RN3QWSZXA;
				ENABLE_PREVIEWS = YES;
				GENERATE_INFOPLIST_FILE = YES;
				INFOPLIST_KEY_UIApplicationSceneManifest_Generation = YES;
				INFOPLIST_KEY_UIApplicationSupportsIndirectInputEvents = YES;
				INFOPLIST_KEY_UILaunchScreen_Generation = YES;
				INFOPLIST_KEY_UISupportedInterfaceOrientations_iPad = "UIInterfaceOrientationPortrait UIInterfaceOrientationPortraitUpsideDown UIInterfaceOrientationLandscapeLeft UIInterfaceOrientationLandscapeRight";
				INFOPLIST_KEY_UISupportedInterfaceOrientations_iPhone = "UIInterfaceOrientationPortrait UIInterfaceOrientationLandscapeLeft UIInterfaceOrientationLandscapeRight";
				LD_RUNPATH_SEARCH_PATHS = (
					"$(inherited)",
					"@executable_path/Frameworks",
				);
				MARKETING_VERSION = 1.0;
				PRODUCT_BUNDLE_IDENTIFIER = com.osmantahadeniz.SwiftUIIntro;
				PRODUCT_NAME = "$(TARGET_NAME)";
				SWIFT_EMIT_LOC_STRINGS = YES;
				SWIFT_VERSION = 5.0;
				TARGETED_DEVICE_FAMILY = "1,2";
			};
			name = Release;
		};
/* End XCBuildConfiguration section */

/* Begin XCConfigurationList section */
		4A23759429ED4B0B00C8A52C /* Build configuration list for PBXProject "SwiftUIIntro" */ = {
			isa = XCConfigurationList;
			buildConfigurations = (
				4A2375A529ED4B0C00C8A52C /* Debug */,
				4A2375A629ED4B0C00C8A52C /* Release */,
			);
			defaultConfigurationIsVisible = 0;
			defaultConfigurationName = Release;
		};
		4A2375A729ED4B0C00C8A52C /* Build configuration list for PBXNativeTarget "SwiftUIIntro" */ = {
			isa = XCConfigurationList;
			buildConfigurations = (
				4A2375A829ED4B0C00C8A52C /* Debug */,
				4A2375A929ED4B0C00C8A52C /* Release */,
			);
			defaultConfigurationIsVisible = 0;
			defaultConfigurationName = Release;
		};
/* End XCConfigurationList section */
	};
	rootObject = 4A23759129ED4B0B00C8A52C /* Project object */;
}
