// !$*UTF8*$!
{
	archiveVersion = 1;
	classes = {
	};
	objectVersion = 56;
	objects = {

/* Begin PBXBuildFile section */
		4A23759D29ED4B0B00C8A52C /* SwiftUIIntroApp.swift in Sources */ = {isa = PBXBuildFile; fileRef = 4A23759C29ED4B0B00C8A52C /* SwiftUIIntroApp.swift */; };
		4A23759F29ED4B0B00C8A52C /* ContentView.swift in Sources */ = {isa = PBXBuildFile; fileRef = 4A23759E29ED4B0B00C8A52C /* ContentView.swift */; };
		4A2375A129ED4B0C00C8A52C /* Assets.xcassets in Resources */ = {isa = PBXBuildFile; fileRef = 4A2375A029ED4B0C00C8A52C /* Assets.xcassets */; };
		4A2375A429ED4B0C00C8A52C /* Preview Assets.xcassets in Resources */ = {isa = PBXBuildFile; fileRef = 4A2375A329ED4B0C00C8A52C /* Preview Assets.xcassets */; };
		4ABA5B4929ED51DB00B02F0E /* TextView.swift in Sources */ = {isa = PBXBuildFile; fileRef = 4ABA5B4829ED51DB00B02F0E /* TextView.swift */; };
		4ABA5B4B29ED729A00B02F0E /* Shapes.swift in Sources */ = {isa = PBXBuildFile; fileRef = 4ABA5B4A29ED729A00B02F0E /* Shapes.swift */; };
		4ABA5B4D29ED7DDC00B02F0E /* Colors.swift in Sources */ = {isa = PBXBuildFile; fileRef = 4ABA5B4C29ED7DDC00B02F0E /* Colors.swift */; };
		4ABA5B4F29EEC09B00B02F0E /* Gradients.swift in Sources */ = {isa = PBXBuildFile; fileRef = 4ABA5B4E29EEC09B00B02F0E /* Gradients.swift */; };
		4ABA5B5129EEDCE300B02F0E /* Icons.swift in Sources */ = {isa = PBXBuildFile; fileRef = 4ABA5B5029EEDCE300B02F0E /* Icons.swift */; };
		4ABA5B5329EFC6B200B02F0E /* Images.swift in Sources */ = {isa = PBXBuildFile; fileRef = 4ABA5B5229EFC6B200B02F0E /* Images.swift */; };
		4ABA5B5529EFD8CD00B02F0E /* Frame.swift in Sources */ = {isa = PBXBuildFile; fileRef = 4ABA5B5429EFD8CD00B02F0E /* Frame.swift */; };
		4ABA5B5729EFDD1300B02F0E /* BackgroundAndOverlay.swift in Sources */ = {isa = PBXBuildFile; fileRef = 4ABA5B5629EFDD1300B02F0E /* BackgroundAndOverlay.swift */; };
		4ABA5B5929F01F0800B02F0E /* Stacks.swift in Sources */ = {isa = PBXBuildFile; fileRef = 4ABA5B5829F01F0800B02F0E /* Stacks.swift */; };
		4ABA5B5D29F11C0200B02F0E /* Padding.swift in Sources */ = {isa = PBXBuildFile; fileRef = 4ABA5B5C29F11C0200B02F0E /* Padding.swift */; };
		4ABA5B5F29F11E3F00B02F0E /* Spacer.swift in Sources */ = {isa = PBXBuildFile; fileRef = 4ABA5B5E29F11E3F00B02F0E /* Spacer.swift */; };
		4ABA5B6129F65EBD00B02F0E /* Initializer.swift in Sources */ = {isa = PBXBuildFile; fileRef = 4ABA5B6029F65EBD00B02F0E /* Initializer.swift */; };
		4ABA5B6529F67BA000B02F0E /* ForEachView.swift in Sources */ = {isa = PBXBuildFile; fileRef = 4ABA5B6429F67BA000B02F0E /* ForEachView.swift */; };
		4ABA5B8329F6A9B100B02F0E /* Scroll.swift in Sources */ = {isa = PBXBuildFile; fileRef = 4ABA5B8229F6A9B100B02F0E /* Scroll.swift */; };
		4ABA5B8529F6C7B200B02F0E /* LazyGrid.swift in Sources */ = {isa = PBXBuildFile; fileRef = 4ABA5B8429F6C7B200B02F0E /* LazyGrid.swift */; };
		4ABA5B8729F7B6D300B02F0E /* SafeArea.swift in Sources */ = {isa = PBXBuildFile; fileRef = 4ABA5B8629F7B6D300B02F0E /* SafeArea.swift */; };
		4ABA5B8929F7C71700B02F0E /* Buttons.swift in Sources */ = {isa = PBXBuildFile; fileRef = 4ABA5B8829F7C71700B02F0E /* Buttons.swift */; };
/* End PBXBuildFile section */

/* Begin PBXFileReference section */
		4A23759929ED4B0B00C8A52C /* SwiftUIIntro.app */ = {isa = PBXFileReference; explicitFileType = wrapper.application; includeInIndex = 0; path = SwiftUIIntro.app; sourceTree = BUILT_PRODUCTS_DIR; };
		4A23759C29ED4B0B00C8A52C /* SwiftUIIntroApp.swift */ = {isa = PBXFileReference; lastKnownFileType = sourcecode.swift; path = SwiftUIIntroApp.swift; sourceTree = "<group>"; };
		4A23759E29ED4B0B00C8A52C /* ContentView.swift */ = {isa = PBXFileReference; lastKnownFileType = sourcecode.swift; path = ContentView.swift; sourceTree = "<group>"; };
		4A2375A029ED4B0C00C8A52C /* Assets.xcassets */ = {isa = PBXFileReference; lastKnownFileType = folder.assetcatalog; path = Assets.xcassets; sourceTree = "<group>"; };
		4A2375A329ED4B0C00C8A52C /* Preview Assets.xcassets */ = {isa = PBXFileReference; lastKnownFileType = folder.assetcatalog; path = "Preview Assets.xcassets"; sourceTree = "<group>"; };
		4ABA5B4829ED51DB00B02F0E /* TextView.swift */ = {isa = PBXFileReference; lastKnownFileType = sourcecode.swift; path = TextView.swift; sourceTree = "<group>"; };
		4ABA5B4A29ED729A00B02F0E /* Shapes.swift */ = {isa = PBXFileReference; lastKnownFileType = sourcecode.swift; path = Shapes.swift; sourceTree = "<group>"; };
		4ABA5B4C29ED7DDC00B02F0E /* Colors.swift */ = {isa = PBXFileReference; lastKnownFileType = sourcecode.swift; path = Colors.swift; sourceTree = "<group>"; };
		4ABA5B4E29EEC09B00B02F0E /* Gradients.swift */ = {isa = PBXFileReference; lastKnownFileType = sourcecode.swift; path = Gradients.swift; sourceTree = "<group>"; };
		4ABA5B5029EEDCE300B02F0E /* Icons.swift */ = {isa = PBXFileReference; lastKnownFileType = sourcecode.swift; path = Icons.swift; sourceTree = "<group>"; };
		4ABA5B5229EFC6B200B02F0E /* Images.swift */ = {isa = PBXFileReference; lastKnownFileType = sourcecode.swift; path = Images.swift; sourceTree = "<group>"; };
		4ABA5B5429EFD8CD00B02F0E /* Frame.swift */ = {isa = PBXFileReference; lastKnownFileType = sourcecode.swift; path = Frame.swift; sourceTree = "<group>"; };
		4ABA5B5629EFDD1300B02F0E /* BackgroundAndOverlay.swift */ = {isa = PBXFileReference; lastKnownFileType = sourcecode.swift; path = BackgroundAndOverlay.swift; sourceTree = "<group>"; };
		4ABA5B5829F01F0800B02F0E /* Stacks.swift */ = {isa = PBXFileReference; lastKnownFileType = sourcecode.swift; path = Stacks.swift; sourceTree = "<group>"; };
		4ABA5B5C29F11C0200B02F0E /* Padding.swift */ = {isa = PBXFileReference; lastKnownFileType = sourcecode.swift; path = Padding.swift; sourceTree = "<group>"; };
		4ABA5B5E29F11E3F00B02F0E /* Spacer.swift */ = {isa = PBXFileReference; lastKnownFileType = sourcecode.swift; path = Spacer.swift; sourceTree = "<group>"; };
		4ABA5B6029F65EBD00B02F0E /* Initializer.swift */ = {isa = PBXFileReference; lastKnownFileType = sourcecode.swift; path = Initializer.swift; sourceTree = "<group>"; };
		4ABA5B6429F67BA000B02F0E /* ForEachView.swift */ = {isa = PBXFileReference; lastKnownFileType = sourcecode.swift; path = ForEachView.swift; sourceTree = "<group>"; };
		4ABA5B8229F6A9B100B02F0E /* Scroll.swift */ = {isa = PBXFileReference; lastKnownFileType = sourcecode.swift; path = Scroll.swift; sourceTree = "<group>"; };
		4ABA5B8429F6C7B200B02F0E /* LazyGrid.swift */ = {isa = PBXFileReference; lastKnownFileType = sourcecode.swift; path = LazyGrid.swift; sourceTree = "<group>"; };
		4ABA5B8629F7B6D300B02F0E /* SafeArea.swift */ = {isa = PBXFileReference; lastKnownFileType = sourcecode.swift; path = SafeArea.swift; sourceTree = "<group>"; };
		4ABA5B8829F7C71700B02F0E /* Buttons.swift */ = {isa = PBXFileReference; lastKnownFileType = sourcecode.swift; path = Buttons.swift; sourceTree = "<group>"; };
/* End PBXFileReference section */

/* Begin PBXFrameworksBuildPhase section */
		4A23759629ED4B0B00C8A52C /* Frameworks */ = {
			isa = PBXFrameworksBuildPhase;
			buildActionMask = 2147483647;
			files = (
			);
			runOnlyForDeploymentPostprocessing = 0;
		};
/* End PBXFrameworksBuildPhase section */

/* Begin PBXGroup section */
		4A23759029ED4B0B00C8A52C = {
			isa = PBXGroup;
			children = (
				4A23759B29ED4B0B00C8A52C /* SwiftUIIntro */,
				4A23759A29ED4B0B00C8A52C /* Products */,
			);
			sourceTree = "<group>";
		};
		4A23759A29ED4B0B00C8A52C /* Products */ = {
			isa = PBXGroup;
			children = (
				4A23759929ED4B0B00C8A52C /* SwiftUIIntro.app */,
			);
			name = Products;
			sourceTree = "<group>";
		};
		4A23759B29ED4B0B00C8A52C /* SwiftUIIntro */ = {
			isa = PBXGroup;
			children = (
				4A23759C29ED4B0B00C8A52C /* SwiftUIIntroApp.swift */,
				4A23759E29ED4B0B00C8A52C /* ContentView.swift */,
				4ABA5B4A29ED729A00B02F0E /* Shapes.swift */,
				4ABA5B5C29F11C0200B02F0E /* Padding.swift */,
				4ABA5B6429F67BA000B02F0E /* ForEachView.swift */,
				4ABA5B5429EFD8CD00B02F0E /* Frame.swift */,
				4ABA5B8429F6C7B200B02F0E /* LazyGrid.swift */,
				4ABA5B8629F7B6D300B02F0E /* SafeArea.swift */,
				4ABA5B5829F01F0800B02F0E /* Stacks.swift */,
				4ABA5B5E29F11E3F00B02F0E /* Spacer.swift */,
				4ABA5B6029F65EBD00B02F0E /* Initializer.swift */,
				4ABA5B8829F7C71700B02F0E /* Buttons.swift */,
				4ABA5B4C29ED7DDC00B02F0E /* Colors.swift */,
				4ABA5B8229F6A9B100B02F0E /* Scroll.swift */,
				4ABA5B5629EFDD1300B02F0E /* BackgroundAndOverlay.swift */,
				4ABA5B5029EEDCE300B02F0E /* Icons.swift */,
				4ABA5B5229EFC6B200B02F0E /* Images.swift */,
				4ABA5B4E29EEC09B00B02F0E /* Gradients.swift */,
				4ABA5B4829ED51DB00B02F0E /* TextView.swift */,
				4A2375A029ED4B0C00C8A52C /* Assets.xcassets */,
				4A2375A229ED4B0C00C8A52C /* Preview Content */,
			);
			path = SwiftUIIntro;
			sourceTree = "<group>";
		};
		4A2375A229ED4B0C00C8A52C /* Preview Content */ = {
			isa = PBXGroup;
			children = (
				4A2375A329ED4B0C00C8A52C /* Preview Assets.xcassets */,
			);
			path = "Preview Content";
			sourceTree = "<group>";
		};
/* End PBXGroup section */

/* Begin PBXNativeTarget section */
		4A23759829ED4B0B00C8A52C /* SwiftUIIntro */ = {
			isa = PBXNativeTarget;
			buildConfigurationList = 4A2375A729ED4B0C00C8A52C /* Build configuration list for PBXNativeTarget "SwiftUIIntro" */;
			buildPhases = (
				4A23759529ED4B0B00C8A52C /* Sources */,
				4A23759629ED4B0B00C8A52C /* Frameworks */,
				4A23759729ED4B0B00C8A52C /* Resources */,
			);
			buildRules = (
			);
			dependencies = (
			);
			name = SwiftUIIntro;
			productName = SwiftUIIntro;
			productReference = 4A23759929ED4B0B00C8A52C /* SwiftUIIntro.app */;
			productType = "com.apple.product-type.application";
		};
/* End PBXNativeTarget section */

/* Begin PBXProject section */
		4A23759129ED4B0B00C8A52C /* Project object */ = {
			isa = PBXProject;
			attributes = {
				BuildIndependentTargetsInParallel = 1;
				LastSwiftUpdateCheck = 1430;
				LastUpgradeCheck = 1430;
				TargetAttributes = {
					4A23759829ED4B0B00C8A52C = {
						CreatedOnToolsVersion = 14.3;
					};
				};
			};
			buildConfigurationList = 4A23759429ED4B0B00C8A52C /* Build configuration list for PBXProject "SwiftUIIntro" */;
			compatibilityVersion = "Xcode 14.0";
			developmentRegion = en;
			hasScannedForEncodings = 0;
			knownRegions = (
				en,
				Base,
			);
			mainGroup = 4A23759029ED4B0B00C8A52C;
			productRefGroup = 4A23759A29ED4B0B00C8A52C /* Products */;
			projectDirPath = "";
			projectRoot = "";
			targets = (
				4A23759829ED4B0B00C8A52C /* SwiftUIIntro */,
			);
		};
/* End PBXProject section */

/* Begin PBXResourcesBuildPhase section */
		4A23759729ED4B0B00C8A52C /* Resources */ = {
			isa = PBXResourcesBuildPhase;
			buildActionMask = 2147483647;
			files = (
				4A2375A429ED4B0C00C8A52C /* Preview Assets.xcassets in Resources */,
				4A2375A129ED4B0C00C8A52C /* Assets.xcassets in Resources */,
			);
			runOnlyForDeploymentPostprocessing = 0;
		};
/* End PBXResourcesBuildPhase section */

/* Begin PBXSourcesBuildPhase section */
		4A23759529ED4B0B00C8A52C /* Sources */ = {
			isa = PBXSourcesBuildPhase;
			buildActionMask = 2147483647;
			files = (
				4ABA5B5529EFD8CD00B02F0E /* Frame.swift in Sources */,
				4ABA5B5129EEDCE300B02F0E /* Icons.swift in Sources */,
				4ABA5B5929F01F0800B02F0E /* Stacks.swift in Sources */,
				4ABA5B5F29F11E3F00B02F0E /* Spacer.swift in Sources */,
				4ABA5B8529F6C7B200B02F0E /* LazyGrid.swift in Sources */,
				4ABA5B4929ED51DB00B02F0E /* TextView.swift in Sources */,
				4ABA5B4D29ED7DDC00B02F0E /* Colors.swift in Sources */,
				4ABA5B8729F7B6D300B02F0E /* SafeArea.swift in Sources */,
				4ABA5B8329F6A9B100B02F0E /* Scroll.swift in Sources */,
				4ABA5B6529F67BA000B02F0E /* ForEachView.swift in Sources */,
				4ABA5B5729EFDD1300B02F0E /* BackgroundAndOverlay.swift in Sources */,
				4A23759F29ED4B0B00C8A52C /* ContentView.swift in Sources */,
				4ABA5B6129F65EBD00B02F0E /* Initializer.swift in Sources */,
				4A23759D29ED4B0B00C8A52C /* SwiftUIIntroApp.swift in Sources */,
				4ABA5B5329EFC6B200B02F0E /* Images.swift in Sources */,
				4ABA5B4B29ED729A00B02F0E /* Shapes.swift in Sources */,
				4ABA5B8929F7C71700B02F0E /* Buttons.swift in Sources */,
				4ABA5B4F29EEC09B00B02F0E /* Gradients.swift in Sources */,
				4ABA5B5D29F11C0200B02F0E /* Padding.swift in Sources */,
			);
			runOnlyForDeploymentPostprocessing = 0;
		};
/* End PBXSourcesBuildPhase section */

/* Begin XCBuildConfiguration section */
		4A2375A529ED4B0C00C8A52C /* Debug */ = {
			isa = XCBuildConfiguration;
			buildSettings = {
				ALWAYS_SEARCH_USER_PATHS = NO;
				CLANG_ANALYZER_NONNULL = YES;
				CLANG_ANALYZER_NUMBER_OBJECT_CONVERSION = YES_AGGRESSIVE;
				CLANG_CXX_LANGUAGE_STANDARD = "gnu++20";
				CLANG_ENABLE_MODULES = YES;
				CLANG_ENABLE_OBJC_ARC = YES;
				CLANG_ENABLE_OBJC_WEAK = YES;
				CLANG_WARN_BLOCK_CAPTURE_AUTORELEASING = YES;
				CLANG_WARN_BOOL_CONVERSION = YES;
				CLANG_WARN_COMMA = YES;
				CLANG_WARN_CONSTANT_CONVERSION = YES;
				CLANG_WARN_DEPRECATED_OBJC_IMPLEMENTATIONS = YES;
				CLANG_WARN_DIRECT_OBJC_ISA_USAGE = YES_ERROR;
				CLANG_WARN_DOCUMENTATION_COMMENTS = YES;
				CLANG_WARN_EMPTY_BODY = YES;
				CLANG_WARN_ENUM_CONVERSION = YES;
				CLANG_WARN_INFINITE_RECURSION = YES;
				CLANG_WARN_INT_CONVERSION = YES;
				CLANG_WARN_NON_LITERAL_NULL_CONVERSION = YES;
				CLANG_WARN_OBJC_IMPLICIT_RETAIN_SELF = YES;
				CLANG_WARN_OBJC_LITERAL_CONVERSION = YES;
				CLANG_WARN_OBJC_ROOT_CLASS = YES_ERROR;
				CLANG_WARN_QUOTED_INCLUDE_IN_FRAMEWORK_HEADER = YES;
				CLANG_WARN_RANGE_LOOP_ANALYSIS = YES;
				CLANG_WARN_STRICT_PROTOTYPES = YES;
				CLANG_WARN_SUSPICIOUS_MOVE = YES;
				CLANG_WARN_UNGUARDED_AVAILABILITY = YES_AGGRESSIVE;
				CLANG_WARN_UNREACHABLE_CODE = YES;
				CLANG_WARN__DUPLICATE_METHOD_MATCH = YES;
				COPY_PHASE_STRIP = NO;
				DEBUG_INFORMATION_FORMAT = dwarf;
				ENABLE_STRICT_OBJC_MSGSEND = YES;
				ENABLE_TESTABILITY = YES;
				GCC_C_LANGUAGE_STANDARD = gnu11;
				GCC_DYNAMIC_NO_PIC = NO;
				GCC_NO_COMMON_BLOCKS = YES;
				GCC_OPTIMIZATION_LEVEL = 0;
				GCC_PREPROCESSOR_DEFINITIONS = (
					"DEBUG=1",
					"$(inherited)",
				);
				GCC_WARN_64_TO_32_BIT_CONVERSION = YES;
				GCC_WARN_ABOUT_RETURN_TYPE = YES_ERROR;
				GCC_WARN_UNDECLARED_SELECTOR = YES;
				GCC_WARN_UNINITIALIZED_AUTOS = YES_AGGRESSIVE;
				GCC_WARN_UNUSED_FUNCTION = YES;
				GCC_WARN_UNUSED_VARIABLE = YES;
				IPHONEOS_DEPLOYMENT_TARGET = 16.4;
				MTL_ENABLE_DEBUG_INFO = INCLUDE_SOURCE;
				MTL_FAST_MATH = YES;
				ONLY_ACTIVE_ARCH = YES;
				SDKROOT = iphoneos;
				SWIFT_ACTIVE_COMPILATION_CONDITIONS = DEBUG;
				SWIFT_OPTIMIZATION_LEVEL = "-Onone";
			};
			name = Debug;
		};
		4A2375A629ED4B0C00C8A52C /* Release */ = {
			isa = XCBuildConfiguration;
			buildSettings = {
				ALWAYS_SEARCH_USER_PATHS = NO;
				CLANG_ANALYZER_NONNULL = YES;
				CLANG_ANALYZER_NUMBER_OBJECT_CONVERSION = YES_AGGRESSIVE;
				CLANG_CXX_LANGUAGE_STANDARD = "gnu++20";
				CLANG_ENABLE_MODULES = YES;
				CLANG_ENABLE_OBJC_ARC = YES;
				CLANG_ENABLE_OBJC_WEAK = YES;
				CLANG_WARN_BLOCK_CAPTURE_AUTORELEASING = YES;
				CLANG_WARN_BOOL_CONVERSION = YES;
				CLANG_WARN_COMMA = YES;
				CLANG_WARN_CONSTANT_CONVERSION = YES;
				CLANG_WARN_DEPRECATED_OBJC_IMPLEMENTATIONS = YES;
				CLANG_WARN_DIRECT_OBJC_ISA_USAGE = YES_ERROR;
				CLANG_WARN_DOCUMENTATION_COMMENTS = YES;
				CLANG_WARN_EMPTY_BODY = YES;
				CLANG_WARN_ENUM_CONVERSION = YES;
				CLANG_WARN_INFINITE_RECURSION = YES;
				CLANG_WARN_INT_CONVERSION = YES;
				CLANG_WARN_NON_LITERAL_NULL_CONVERSION = YES;
				CLANG_WARN_OBJC_IMPLICIT_RETAIN_SELF = YES;
				CLANG_WARN_OBJC_LITERAL_CONVERSION = YES;
				CLANG_WARN_OBJC_ROOT_CLASS = YES_ERROR;
				CLANG_WARN_QUOTED_INCLUDE_IN_FRAMEWORK_HEADER = YES;
				CLANG_WARN_RANGE_LOOP_ANALYSIS = YES;
				CLANG_WARN_STRICT_PROTOTYPES = YES;
				CLANG_WARN_SUSPICIOUS_MOVE = YES;
				CLANG_WARN_UNGUARDED_AVAILABILITY = YES_AGGRESSIVE;
				CLANG_WARN_UNREACHABLE_CODE = YES;
				CLANG_WARN__DUPLICATE_METHOD_MATCH = YES;
				COPY_PHASE_STRIP = NO;
				DEBUG_INFORMATION_FORMAT = "dwarf-with-dsym";
				ENABLE_NS_ASSERTIONS = NO;
				ENABLE_STRICT_OBJC_MSGSEND = YES;
				GCC_C_LANGUAGE_STANDARD = gnu11;
				GCC_NO_COMMON_BLOCKS = YES;
				GCC_WARN_64_TO_32_BIT_CONVERSION = YES;
				GCC_WARN_ABOUT_RETURN_TYPE = YES_ERROR;
				GCC_WARN_UNDECLARED_SELECTOR = YES;
				GCC_WARN_UNINITIALIZED_AUTOS = YES_AGGRESSIVE;
				GCC_WARN_UNUSED_FUNCTION = YES;
				GCC_WARN_UNUSED_VARIABLE = YES;
				IPHONEOS_DEPLOYMENT_TARGET = 16.4;
				MTL_ENABLE_DEBUG_INFO = NO;
				MTL_FAST_MATH = YES;
				SDKROOT = iphoneos;
				SWIFT_COMPILATION_MODE = wholemodule;
				SWIFT_OPTIMIZATION_LEVEL = "-O";
				VALIDATE_PRODUCT = YES;
			};
			name = Release;
		};
		4A2375A829ED4B0C00C8A52C /* Debug */ = {
			isa = XCBuildConfiguration;
			buildSettings = {
				ASSETCATALOG_COMPILER_APPICON_NAME = AppIcon;
				ASSETCATALOG_COMPILER_GLOBAL_ACCENT_COLOR_NAME = AccentColor;
				CODE_SIGN_STYLE = Automatic;
				CURRENT_PROJECT_VERSION = 1;
				DEVELOPMENT_ASSET_PATHS = "\"SwiftUIIntro/Preview Content\"";
				DEVELOPMENT_TEAM = 6RN3QWSZXA;
				ENABLE_PREVIEWS = YES;
				GENERATE_INFOPLIST_FILE = YES;
				INFOPLIST_KEY_UIApplicationSceneManifest_Generation = YES;
				INFOPLIST_KEY_UIApplicationSupportsIndirectInputEvents = YES;
				INFOPLIST_KEY_UILaunchScreen_Generation = YES;
				INFOPLIST_KEY_UISupportedInterfaceOrientations_iPad = "UIInterfaceOrientationPortrait UIInterfaceOrientationPortraitUpsideDown UIInterfaceOrientationLandscapeLeft UIInterfaceOrientationLandscapeRight";
				INFOPLIST_KEY_UISupportedInterfaceOrientations_iPhone = "UIInterfaceOrientationPortrait UIInterfaceOrientationLandscapeLeft UIInterfaceOrientationLandscapeRight";
				LD_RUNPATH_SEARCH_PATHS = (
					"$(inherited)",
					"@executable_path/Frameworks",
				);
				MARKETING_VERSION = 1.0;
				PRODUCT_BUNDLE_IDENTIFIER = com.osmantahadeniz.SwiftUIIntro;
				PRODUCT_NAME = "$(TARGET_NAME)";
				SWIFT_EMIT_LOC_STRINGS = YES;
				SWIFT_VERSION = 5.0;
				TARGETED_DEVICE_FAMILY = "1,2";
			};
			name = Debug;
		};
		4A2375A929ED4B0C00C8A52C /* Release */ = {
			isa = XCBuildConfiguration;
			buildSettings = {
				ASSETCATALOG_COMPILER_APPICON_NAME = AppIcon;
				ASSETCATALOG_COMPILER_GLOBAL_ACCENT_COLOR_NAME = AccentColor;
				CODE_SIGN_STYLE = Automatic;
				CURRENT_PROJECT_VERSION = 1;
				DEVELOPMENT_ASSET_PATHS = "\"SwiftUIIntro/Preview Content\"";
				DEVELOPMENT_TEAM = 6RN3QWSZXA;
				ENABLE_PREVIEWS = YES;
				GENERATE_INFOPLIST_FILE = YES;
				INFOPLIST_KEY_UIApplicationSceneManifest_Generation = YES;
				INFOPLIST_KEY_UIApplicationSupportsIndirectInputEvents = YES;
				INFOPLIST_KEY_UILaunchScreen_Generation = YES;
				INFOPLIST_KEY_UISupportedInterfaceOrientations_iPad = "UIInterfaceOrientationPortrait UIInterfaceOrientationPortraitUpsideDown UIInterfaceOrientationLandscapeLeft UIInterfaceOrientationLandscapeRight";
				INFOPLIST_KEY_UISupportedInterfaceOrientations_iPhone = "UIInterfaceOrientationPortrait UIInterfaceOrientationLandscapeLeft UIInterfaceOrientationLandscapeRight";
				LD_RUNPATH_SEARCH_PATHS = (
					"$(inherited)",
					"@executable_path/Frameworks",
				);
				MARKETING_VERSION = 1.0;
				PRODUCT_BUNDLE_IDENTIFIER = com.osmantahadeniz.SwiftUIIntro;
				PRODUCT_NAME = "$(TARGET_NAME)";
				SWIFT_EMIT_LOC_STRINGS = YES;
				SWIFT_VERSION = 5.0;
				TARGETED_DEVICE_FAMILY = "1,2";
			};
			name = Release;
		};
/* End XCBuildConfiguration section */

/* Begin XCConfigurationList section */
		4A23759429ED4B0B00C8A52C /* Build configuration list for PBXProject "SwiftUIIntro" */ = {
			isa = XCConfigurationList;
			buildConfigurations = (
				4A2375A529ED4B0C00C8A52C /* Debug */,
				4A2375A629ED4B0C00C8A52C /* Release */,
			);
			defaultConfigurationIsVisible = 0;
			defaultConfigurationName = Release;
		};
		4A2375A729ED4B0C00C8A52C /* Build configuration list for PBXNativeTarget "SwiftUIIntro" */ = {
			isa = XCConfigurationList;
			buildConfigurations = (
				4A2375A829ED4B0C00C8A52C /* Debug */,
				4A2375A929ED4B0C00C8A52C /* Release */,
			);
			defaultConfigurationIsVisible = 0;
			defaultConfigurationName = Release;
		};
/* End XCConfigurationList section */
	};
	rootObject = 4A23759129ED4B0B00C8A52C /* Project object */;
}
